<?xml version="1.0" encoding="UTF-8" standalone="yes" ?>
<CodeBlocks_project_file>
	<FileVersion major="1" minor="6" />
	<Project>
		<Option title="consoleServer" />
		<Option pch_mode="2" />
		<Option compiler="gcc" />
		<Build>
			<Target title="Debug">
				<Option output="bin/Debug/consoleServer" prefix_auto="1" extension_auto="1" />
				<Option object_output="obj/Debug/" />
				<Option type="1" />
				<Option compiler="gcc" />
				<Compiler>
					<Add option="-g" />
				</Compiler>
			</Target>
			<Target title="Release">
				<Option output="bin/Release/consoleServer" prefix_auto="1" extension_auto="1" />
				<Option object_output="obj/Release/" />
				<Option type="1" />
				<Option compiler="gcc" />
				<Compiler>
					<Add option="-O2" />
				</Compiler>
				<Linker>
					<Add option="-s" />
				</Linker>
			</Target>
		</Build>
		<Compiler>
			<Add option="-Wall" />
			<Add option="-fexceptions" />
		</Compiler>
		<Unit filename="src/ConnectionsManager.cpp" />
		<Unit filename="src/ConnectionsManager.h" />
		<Unit filename="src/DataBase.cpp" />
		<Unit filename="src/DataBase.h" />
		<Unit filename="src/Main.cpp" />
		<Unit filename="src/Main.h" />
		<Unit filename="src/NetworkConnection.cpp" />
		<Unit filename="src/NetworkConnection.h" />
		<Unit filename="src/Parser.cpp" />
		<Unit filename="src/Parser.h" />
		<Unit filename="src/Request.cpp" />
		<Unit filename="src/Request.h" />
		<Unit filename="src/Spool.cpp" />
		<Unit filename="src/Spool.h" />
		<Unit filename="src/UI.cpp" />
		<Unit filename="src/UI.h" />
		<Unit filename="src/main.cpp" />
		<Extensions>
			<code_completion />
			<debugger />
		</Extensions>
	</Project>
</CodeBlocks_project_file>
